
Microsoft Visual Studio Solution File, Format Version 12.00
# Visual Studio Version 17
VisualStudioVersion = 17.10.35027.167
MinimumVisualStudioVersion = 10.0.40219.1
Project("{9A19103F-16F7-4668-BE54-9A1E7A4F7556}") = "AppointmentSchedule-API", "AppointmentSchedule-API.csproj", "{91433C40-C767-4115-BBDE-71B4B52A00D2}"
EndProject
Project("{9A19103F-16F7-4668-BE54-9A1E7A4F7556}") = "AppointmentSchedule.Infra", "..\AppointmentSchedule.Infra\AppointmentSchedule.Infra.csproj", "{BC1F6006-5FC5-4137-86DF-297043EE414D}"
EndProject
Project("{FAE04EC0-301F-11D3-BF4B-00C04F79EFBC}") = "AppointmentSchedule.Domain", "..\AppointmentSchedule.Domain\AppointmentSchedule.Domain.csproj", "{970921CE-C055-4CF9-9987-2FD38851167D}"
EndProject
Project("{FAE04EC0-301F-11D3-BF4B-00C04F79EFBC}") = "AppointmentSchedule.Application", "..\AppointmentSchedule.Application\AppointmentSchedule.Application.csproj", "{B437609B-0207-4A99-831C-0CF0BF7B6B66}"
EndProject
Global
	GlobalSection(SolutionConfigurationPlatforms) = preSolution
		Debug|Any CPU = Debug|Any CPU
		Release|Any CPU = Release|Any CPU
	EndGlobalSection
	GlobalSection(ProjectConfigurationPlatforms) = postSolution
		{91433C40-C767-4115-BBDE-71B4B52A00D2}.Debug|Any CPU.ActiveCfg = Debug|Any CPU
		{91433C40-C767-4115-BBDE-71B4B52A00D2}.Debug|Any CPU.Build.0 = Debug|Any CPU
		{91433C40-C767-4115-BBDE-71B4B52A00D2}.Release|Any CPU.ActiveCfg = Release|Any CPU
		{91433C40-C767-4115-BBDE-71B4B52A00D2}.Release|Any CPU.Build.0 = Release|Any CPU
		{BC1F6006-5FC5-4137-86DF-297043EE414D}.Debug|Any CPU.ActiveCfg = Debug|Any CPU
		{BC1F6006-5FC5-4137-86DF-297043EE414D}.Debug|Any CPU.Build.0 = Debug|Any CPU
		{BC1F6006-5FC5-4137-86DF-297043EE414D}.Release|Any CPU.ActiveCfg = Release|Any CPU
		{BC1F6006-5FC5-4137-86DF-297043EE414D}.Release|Any CPU.Build.0 = Release|Any CPU
		{970921CE-C055-4CF9-9987-2FD38851167D}.Debug|Any CPU.ActiveCfg = Debug|Any CPU
		{970921CE-C055-4CF9-9987-2FD38851167D}.Debug|Any CPU.Build.0 = Debug|Any CPU
		{970921CE-C055-4CF9-9987-2FD38851167D}.Release|Any CPU.ActiveCfg = Release|Any CPU
		{970921CE-C055-4CF9-9987-2FD38851167D}.Release|Any CPU.Build.0 = Release|Any CPU
		{B437609B-0207-4A99-831C-0CF0BF7B6B66}.Debug|Any CPU.ActiveCfg = Debug|Any CPU
		{B437609B-0207-4A99-831C-0CF0BF7B6B66}.Debug|Any CPU.Build.0 = Debug|Any CPU
		{B437609B-0207-4A99-831C-0CF0BF7B6B66}.Release|Any CPU.ActiveCfg = Release|Any CPU
		{B437609B-0207-4A99-831C-0CF0BF7B6B66}.Release|Any CPU.Build.0 = Release|Any CPU
	EndGlobalSection
	GlobalSection(SolutionProperties) = preSolution
		HideSolutionNode = FALSE
	EndGlobalSection
	GlobalSection(ExtensibilityGlobals) = postSolution
		SolutionGuid = {127849B0-6889-4F29-B610-9E273DAB3346}
	EndGlobalSection
EndGlobal
